
Microsoft Visual Studio Solution File, Format Version 12.00
# Visual Studio Version 16
VisualStudioVersion = 16.0.29806.167
MinimumVisualStudioVersion = 10.0.40219.1
Project("{FAE04EC0-301F-11D3-BF4B-00C04F79EFBC}") = "KalkulatorOOP", "KalkulatorOOP.csproj", "{87BF5910-4A1A-4684-854C-474A0B5E0770}"
EndProject
Project("{2150E333-8FDC-42A3-9474-1A3956D46DE8}") = "Solution Items", "Solution Items", "{8C211FF8-10C9-46CD-A42D-B67E5242B0A3}"
	ProjectSection(SolutionItems) = preProject
		Parser.cs = Parser.cs
	EndProjectSection
EndProject
Global
	GlobalSection(SolutionConfigurationPlatforms) = preSolution
		Debug|Any CPU = Debug|Any CPU
		Release|Any CPU = Release|Any CPU
	EndGlobalSection
	GlobalSection(ProjectConfigurationPlatforms) = postSolution
		{87BF5910-4A1A-4684-854C-474A0B5E0770}.Debug|Any CPU.ActiveCfg = Debug|Any CPU
		{87BF5910-4A1A-4684-854C-474A0B5E0770}.Debug|Any CPU.Build.0 = Debug|Any CPU
		{87BF5910-4A1A-4684-854C-474A0B5E0770}.Release|Any CPU.ActiveCfg = Release|Any CPU
		{87BF5910-4A1A-4684-854C-474A0B5E0770}.Release|Any CPU.Build.0 = Release|Any CPU
	EndGlobalSection
	GlobalSection(SolutionProperties) = preSolution
		HideSolutionNode = FALSE
	EndGlobalSection
	GlobalSection(ExtensibilityGlobals) = postSolution
		SolutionGuid = {C52E9C49-8116-4103-A6A1-04A8622EADFA}
	EndGlobalSection
EndGlobal
